// !$*UTF8*$!
{
	archiveVersion = 1;
	classes = {
	};
	objectVersion = 51;
	objects = {

/* Begin PBXBuildFile section */
		B19AC7CDAEC4E72F926F8515 /* Pods_AuthApp.framework in Frameworks */ = {isa = PBXBuildFile; fileRef = 9034B23A1D7381ECBB45E966 /* Pods_AuthApp.framework */; };
		BB3F66762479343800CD234A /* TrackCell.xib in Resources */ = {isa = PBXBuildFile; fileRef = BB3F66752479343800CD234A /* TrackCell.xib */; };
		BB3F66792479358100CD234A /* TrackCell.swift in Sources */ = {isa = PBXBuildFile; fileRef = BB3F66782479358100CD234A /* TrackCell.swift */; };
		BB945FF62463F71700707295 /* MainTabBarController.swift in Sources */ = {isa = PBXBuildFile; fileRef = BB945FF52463F71700707295 /* MainTabBarController.swift */; };
		BB945FF82463F78700707295 /* SearchViewController.swift in Sources */ = {isa = PBXBuildFile; fileRef = BB945FF72463F78700707295 /* SearchViewController.swift */; };
		BB94604A2467F38C00707295 /* SearchResponse.swift in Sources */ = {isa = PBXBuildFile; fileRef = BB9460492467F38C00707295 /* SearchResponse.swift */; };
		BB946072246E7F8900707295 /* TestViewController.swift in Sources */ = {isa = PBXBuildFile; fileRef = BB946071246E7F8900707295 /* TestViewController.swift */; };
		BBBAD2A7247599E30096BD3D /* NetworkService.swift in Sources */ = {isa = PBXBuildFile; fileRef = BBBAD2A6247599E30096BD3D /* NetworkService.swift */; };
		BBBAD2A92475A21D0096BD3D /* NetworkDataFetcher.swift in Sources */ = {isa = PBXBuildFile; fileRef = BBBAD2A82475A21D0096BD3D /* NetworkDataFetcher.swift */; };
		BBCF99E1247E75370092039D /* StackView + Extension.swift in Sources */ = {isa = PBXBuildFile; fileRef = BBCF99E0247E75370092039D /* StackView + Extension.swift */; };
		BBE03220247945D800DC7F71 /* TrackViewController.swift in Sources */ = {isa = PBXBuildFile; fileRef = BBE0321F247945D800DC7F71 /* TrackViewController.swift */; };
		F072403E24594FCE00937E8F /* AppDelegate.swift in Sources */ = {isa = PBXBuildFile; fileRef = F072403D24594FCE00937E8F /* AppDelegate.swift */; };
		F072404024594FCE00937E8F /* SceneDelegate.swift in Sources */ = {isa = PBXBuildFile; fileRef = F072403F24594FCE00937E8F /* SceneDelegate.swift */; };
		F072404524594FCE00937E8F /* Main.storyboard in Resources */ = {isa = PBXBuildFile; fileRef = F072404324594FCE00937E8F /* Main.storyboard */; };
		F072404724594FD100937E8F /* Assets.xcassets in Resources */ = {isa = PBXBuildFile; fileRef = F072404624594FD100937E8F /* Assets.xcassets */; };
		F072404A24594FD100937E8F /* LaunchScreen.storyboard in Resources */ = {isa = PBXBuildFile; fileRef = F072404824594FD100937E8F /* LaunchScreen.storyboard */; };
		F0724052245950A300937E8F /* SignUpViewController.swift in Sources */ = {isa = PBXBuildFile; fileRef = F0724051245950A300937E8F /* SignUpViewController.swift */; };
		F0724054245950B100937E8F /* ProfileViewController.swift in Sources */ = {isa = PBXBuildFile; fileRef = F0724053245950B100937E8F /* ProfileViewController.swift */; };
/* End PBXBuildFile section */

/* Begin PBXFileReference section */
		122E5FA29EA1E21A605D14F7 /* Pods-AuthApp.debug.xcconfig */ = {isa = PBXFileReference; includeInIndex = 1; lastKnownFileType = text.xcconfig; name = "Pods-AuthApp.debug.xcconfig"; path = "Target Support Files/Pods-AuthApp/Pods-AuthApp.debug.xcconfig"; sourceTree = "<group>"; };
		2B28D2AF6EE1E1261F8CF16A /* Pods-AuthApp.release.xcconfig */ = {isa = PBXFileReference; includeInIndex = 1; lastKnownFileType = text.xcconfig; name = "Pods-AuthApp.release.xcconfig"; path = "Target Support Files/Pods-AuthApp/Pods-AuthApp.release.xcconfig"; sourceTree = "<group>"; };
		9034B23A1D7381ECBB45E966 /* Pods_AuthApp.framework */ = {isa = PBXFileReference; explicitFileType = wrapper.framework; includeInIndex = 0; path = Pods_AuthApp.framework; sourceTree = BUILT_PRODUCTS_DIR; };
		BB3F66752479343800CD234A /* TrackCell.xib */ = {isa = PBXFileReference; lastKnownFileType = file.xib; path = TrackCell.xib; sourceTree = "<group>"; };
		BB3F66782479358100CD234A /* TrackCell.swift */ = {isa = PBXFileReference; lastKnownFileType = sourcecode.swift; path = TrackCell.swift; sourceTree = "<group>"; };
		BB945FF52463F71700707295 /* MainTabBarController.swift */ = {isa = PBXFileReference; lastKnownFileType = sourcecode.swift; path = MainTabBarController.swift; sourceTree = "<group>"; };
		BB945FF72463F78700707295 /* SearchViewController.swift */ = {isa = PBXFileReference; lastKnownFileType = sourcecode.swift; path = SearchViewController.swift; sourceTree = "<group>"; };
		BB9460492467F38C00707295 /* SearchResponse.swift */ = {isa = PBXFileReference; lastKnownFileType = sourcecode.swift; path = SearchResponse.swift; sourceTree = "<group>"; };
		BB946071246E7F8900707295 /* TestViewController.swift */ = {isa = PBXFileReference; lastKnownFileType = sourcecode.swift; path = TestViewController.swift; sourceTree = "<group>"; };
		BBBAD2A6247599E30096BD3D /* NetworkService.swift */ = {isa = PBXFileReference; lastKnownFileType = sourcecode.swift; path = NetworkService.swift; sourceTree = "<group>"; };
		BBBAD2A82475A21D0096BD3D /* NetworkDataFetcher.swift */ = {isa = PBXFileReference; lastKnownFileType = sourcecode.swift; path = NetworkDataFetcher.swift; sourceTree = "<group>"; };
		BBCF99E0247E75370092039D /* StackView + Extension.swift */ = {isa = PBXFileReference; lastKnownFileType = sourcecode.swift; path = "StackView + Extension.swift"; sourceTree = "<group>"; };
		BBE0321F247945D800DC7F71 /* TrackViewController.swift */ = {isa = PBXFileReference; lastKnownFileType = sourcecode.swift; path = TrackViewController.swift; sourceTree = "<group>"; };
		F072403A24594FCE00937E8F /* AuthApp.app */ = {isa = PBXFileReference; explicitFileType = wrapper.application; includeInIndex = 0; path = AuthApp.app; sourceTree = BUILT_PRODUCTS_DIR; };
		F072403D24594FCE00937E8F /* AppDelegate.swift */ = {isa = PBXFileReference; lastKnownFileType = sourcecode.swift; path = AppDelegate.swift; sourceTree = "<group>"; };
		F072403F24594FCE00937E8F /* SceneDelegate.swift */ = {isa = PBXFileReference; lastKnownFileType = sourcecode.swift; path = SceneDelegate.swift; sourceTree = "<group>"; };
		F072404424594FCE00937E8F /* Base */ = {isa = PBXFileReference; lastKnownFileType = file.storyboard; name = Base; path = Base.lproj/Main.storyboard; sourceTree = "<group>"; };
		F072404624594FD100937E8F /* Assets.xcassets */ = {isa = PBXFileReference; lastKnownFileType = folder.assetcatalog; path = Assets.xcassets; sourceTree = "<group>"; };
		F072404924594FD100937E8F /* Base */ = {isa = PBXFileReference; lastKnownFileType = file.storyboard; name = Base; path = Base.lproj/LaunchScreen.storyboard; sourceTree = "<group>"; };
		F072404B24594FD100937E8F /* Info.plist */ = {isa = PBXFileReference; lastKnownFileType = text.plist.xml; path = Info.plist; sourceTree = "<group>"; };
		F0724051245950A300937E8F /* SignUpViewController.swift */ = {isa = PBXFileReference; lastKnownFileType = sourcecode.swift; path = SignUpViewController.swift; sourceTree = "<group>"; };
		F0724053245950B100937E8F /* ProfileViewController.swift */ = {isa = PBXFileReference; lastKnownFileType = sourcecode.swift; path = ProfileViewController.swift; sourceTree = "<group>"; };
/* End PBXFileReference section */

/* Begin PBXFrameworksBuildPhase section */
		F072403724594FCE00937E8F /* Frameworks */ = {
			isa = PBXFrameworksBuildPhase;
			buildActionMask = 2147483647;
			files = (
				B19AC7CDAEC4E72F926F8515 /* Pods_AuthApp.framework in Frameworks */,
			);
			runOnlyForDeploymentPostprocessing = 0;
		};
/* End PBXFrameworksBuildPhase section */

/* Begin PBXGroup section */
		4AD5F377AA94860F3AFF7C1D /* Pods */ = {
			isa = PBXGroup;
			children = (
				122E5FA29EA1E21A605D14F7 /* Pods-AuthApp.debug.xcconfig */,
				2B28D2AF6EE1E1261F8CF16A /* Pods-AuthApp.release.xcconfig */,
			);
			path = Pods;
			sourceTree = "<group>";
		};
		BB3F66772479347000CD234A /* View */ = {
			isa = PBXGroup;
			children = (
				BB3F66782479358100CD234A /* TrackCell.swift */,
				BB3F66752479343800CD234A /* TrackCell.xib */,
			);
			path = View;
			sourceTree = "<group>";
		};
		BBBAD2AA2475A25D0096BD3D /* Services */ = {
			isa = PBXGroup;
			children = (
				BBBAD2A6247599E30096BD3D /* NetworkService.swift */,
				BBBAD2A82475A21D0096BD3D /* NetworkDataFetcher.swift */,
			);
			path = Services;
			sourceTree = "<group>";
		};
		BBBAD2AB2475A2840096BD3D /* Controllers */ = {
			isa = PBXGroup;
			children = (
				F0724051245950A300937E8F /* SignUpViewController.swift */,
				BB945FF52463F71700707295 /* MainTabBarController.swift */,
				BB945FF72463F78700707295 /* SearchViewController.swift */,
				BBE0321F247945D800DC7F71 /* TrackViewController.swift */,
				BBCF99E0247E75370092039D /* StackView + Extension.swift */,
				F0724053245950B100937E8F /* ProfileViewController.swift */,
			);
			path = Controllers;
			sourceTree = "<group>";
		};
		BBBAD2AC2475A2A10096BD3D /* Models */ = {
			isa = PBXGroup;
			children = (
				BB9460492467F38C00707295 /* SearchResponse.swift */,
			);
			path = Models;
			sourceTree = "<group>";
		};
		EFC5DB2A995326C80B8A9BA2 /* Frameworks */ = {
			isa = PBXGroup;
			children = (
				9034B23A1D7381ECBB45E966 /* Pods_AuthApp.framework */,
			);
			name = Frameworks;
			sourceTree = "<group>";
		};
		F072403124594FCE00937E8F = {
			isa = PBXGroup;
			children = (
				F072403C24594FCE00937E8F /* AuthApp */,
				F072403B24594FCE00937E8F /* Products */,
				4AD5F377AA94860F3AFF7C1D /* Pods */,
				EFC5DB2A995326C80B8A9BA2 /* Frameworks */,
			);
			sourceTree = "<group>";
		};
		F072403B24594FCE00937E8F /* Products */ = {
			isa = PBXGroup;
			children = (
				F072403A24594FCE00937E8F /* AuthApp.app */,
			);
			name = Products;
			sourceTree = "<group>";
		};
		F072403C24594FCE00937E8F /* AuthApp */ = {
			isa = PBXGroup;
			children = (
				F072403D24594FCE00937E8F /* AppDelegate.swift */,
				F072403F24594FCE00937E8F /* SceneDelegate.swift */,
				BBBAD2AA2475A25D0096BD3D /* Services */,
				BBBAD2AC2475A2A10096BD3D /* Models */,
				BBBAD2AB2475A2840096BD3D /* Controllers */,
				BB3F66772479347000CD234A /* View */,
				BB946071246E7F8900707295 /* TestViewController.swift */,
				F072404324594FCE00937E8F /* Main.storyboard */,
				F072404624594FD100937E8F /* Assets.xcassets */,
				F072404824594FD100937E8F /* LaunchScreen.storyboard */,
				F072404B24594FD100937E8F /* Info.plist */,
			);
			path = AuthApp;
			sourceTree = "<group>";
		};
/* End PBXGroup section */

/* Begin PBXNativeTarget section */
		F072403924594FCE00937E8F /* AuthApp */ = {
			isa = PBXNativeTarget;
			buildConfigurationList = F072404E24594FD100937E8F /* Build configuration list for PBXNativeTarget "AuthApp" */;
			buildPhases = (
				8F63FA7B2139C2043E3120B0 /* [CP] Check Pods Manifest.lock */,
				F072403624594FCE00937E8F /* Sources */,
				F072403724594FCE00937E8F /* Frameworks */,
				F072403824594FCE00937E8F /* Resources */,
				8EC0B4B257D1C9FED0A86581 /* [CP] Embed Pods Frameworks */,
			);
			buildRules = (
			);
			dependencies = (
			);
			name = AuthApp;
			productName = AuthApp;
			productReference = F072403A24594FCE00937E8F /* AuthApp.app */;
			productType = "com.apple.product-type.application";
		};
/* End PBXNativeTarget section */

/* Begin PBXProject section */
		F072403224594FCE00937E8F /* Project object */ = {
			isa = PBXProject;
			attributes = {
				LastSwiftUpdateCheck = 1120;
				LastUpgradeCheck = 1120;
				ORGANIZATIONNAME = "Виктор Смирнов";
				TargetAttributes = {
					F072403924594FCE00937E8F = {
						CreatedOnToolsVersion = 11.2.1;
					};
				};
			};
			buildConfigurationList = F072403524594FCE00937E8F /* Build configuration list for PBXProject "AuthApp" */;
			compatibilityVersion = "Xcode 9.3";
			developmentRegion = en;
			hasScannedForEncodings = 0;
			knownRegions = (
				en,
				Base,
			);
			mainGroup = F072403124594FCE00937E8F;
			productRefGroup = F072403B24594FCE00937E8F /* Products */;
			projectDirPath = "";
			projectRoot = "";
			targets = (
				F072403924594FCE00937E8F /* AuthApp */,
			);
		};
/* End PBXProject section */

/* Begin PBXResourcesBuildPhase section */
		F072403824594FCE00937E8F /* Resources */ = {
			isa = PBXResourcesBuildPhase;
			buildActionMask = 2147483647;
			files = (
				F072404A24594FD100937E8F /* LaunchScreen.storyboard in Resources */,
				F072404724594FD100937E8F /* Assets.xcassets in Resources */,
				F072404524594FCE00937E8F /* Main.storyboard in Resources */,
				BB3F66762479343800CD234A /* TrackCell.xib in Resources */,
			);
			runOnlyForDeploymentPostprocessing = 0;
		};
/* End PBXResourcesBuildPhase section */

/* Begin PBXShellScriptBuildPhase section */
		8EC0B4B257D1C9FED0A86581 /* [CP] Embed Pods Frameworks */ = {
			isa = PBXShellScriptBuildPhase;
			buildActionMask = 2147483647;
			files = (
			);
			inputFileListPaths = (
				"${PODS_ROOT}/Target Support Files/Pods-AuthApp/Pods-AuthApp-frameworks-${CONFIGURATION}-input-files.xcfilelist",
			);
			name = "[CP] Embed Pods Frameworks";
			outputFileListPaths = (
				"${PODS_ROOT}/Target Support Files/Pods-AuthApp/Pods-AuthApp-frameworks-${CONFIGURATION}-output-files.xcfilelist",
			);
			runOnlyForDeploymentPostprocessing = 0;
			shellPath = /bin/sh;
			shellScript = "\"${PODS_ROOT}/Target Support Files/Pods-AuthApp/Pods-AuthApp-frameworks.sh\"\n";
			showEnvVarsInLog = 0;
		};
		8F63FA7B2139C2043E3120B0 /* [CP] Check Pods Manifest.lock */ = {
			isa = PBXShellScriptBuildPhase;
			buildActionMask = 2147483647;
			files = (
			);
			inputFileListPaths = (
			);
			inputPaths = (
				"${PODS_PODFILE_DIR_PATH}/Podfile.lock",
				"${PODS_ROOT}/Manifest.lock",
			);
			name = "[CP] Check Pods Manifest.lock";
			outputFileListPaths = (
			);
			outputPaths = (
				"$(DERIVED_FILE_DIR)/Pods-AuthApp-checkManifestLockResult.txt",
			);
			runOnlyForDeploymentPostprocessing = 0;
			shellPath = /bin/sh;
			shellScript = "diff \"${PODS_PODFILE_DIR_PATH}/Podfile.lock\" \"${PODS_ROOT}/Manifest.lock\" > /dev/null\nif [ $? != 0 ] ; then\n    # print error to STDERR\n    echo \"error: The sandbox is not in sync with the Podfile.lock. Run 'pod install' or update your CocoaPods installation.\" >&2\n    exit 1\nfi\n# This output is used by Xcode 'outputs' to avoid re-running this script phase.\necho \"SUCCESS\" > \"${SCRIPT_OUTPUT_FILE_0}\"\n";
			showEnvVarsInLog = 0;
		};
/* End PBXShellScriptBuildPhase section */

/* Begin PBXSourcesBuildPhase section */
		F072403624594FCE00937E8F /* Sources */ = {
			isa = PBXSourcesBuildPhase;
			buildActionMask = 2147483647;
			files = (
				BB94604A2467F38C00707295 /* SearchResponse.swift in Sources */,
				BB945FF82463F78700707295 /* SearchViewController.swift in Sources */,
				BB946072246E7F8900707295 /* TestViewController.swift in Sources */,
				F072403E24594FCE00937E8F /* AppDelegate.swift in Sources */,
				BBE03220247945D800DC7F71 /* TrackViewController.swift in Sources */,
				BBBAD2A92475A21D0096BD3D /* NetworkDataFetcher.swift in Sources */,
				BB3F66792479358100CD234A /* TrackCell.swift in Sources */,
				BBBAD2A7247599E30096BD3D /* NetworkService.swift in Sources */,
				F0724054245950B100937E8F /* ProfileViewController.swift in Sources */,
				BB945FF62463F71700707295 /* MainTabBarController.swift in Sources */,
				BBCF99E1247E75370092039D /* StackView + Extension.swift in Sources */,
				F0724052245950A300937E8F /* SignUpViewController.swift in Sources */,
				F072404024594FCE00937E8F /* SceneDelegate.swift in Sources */,
			);
			runOnlyForDeploymentPostprocessing = 0;
		};
/* End PBXSourcesBuildPhase section */

/* Begin PBXVariantGroup section */
		F072404324594FCE00937E8F /* Main.storyboard */ = {
			isa = PBXVariantGroup;
			children = (
				F072404424594FCE00937E8F /* Base */,
			);
			name = Main.storyboard;
			sourceTree = "<group>";
		};
		F072404824594FD100937E8F /* LaunchScreen.storyboard */ = {
			isa = PBXVariantGroup;
			children = (
				F072404924594FD100937E8F /* Base */,
			);
			name = LaunchScreen.storyboard;
			sourceTree = "<group>";
		};
/* End PBXVariantGroup section */

/* Begin XCBuildConfiguration section */
		F072404C24594FD100937E8F /* Debug */ = {
			isa = XCBuildConfiguration;
			buildSettings = {
				ALWAYS_SEARCH_USER_PATHS = NO;
				CLANG_ANALYZER_NONNULL = YES;
				CLANG_ANALYZER_NUMBER_OBJECT_CONVERSION = YES_AGGRESSIVE;
				CLANG_CXX_LANGUAGE_STANDARD = "gnu++14";
				CLANG_CXX_LIBRARY = "libc++";
				CLANG_ENABLE_MODULES = YES;
				CLANG_ENABLE_OBJC_ARC = YES;
				CLANG_ENABLE_OBJC_WEAK = YES;
				CLANG_WARN_BLOCK_CAPTURE_AUTORELEASING = YES;
				CLANG_WARN_BOOL_CONVERSION = YES;
				CLANG_WARN_COMMA = YES;
				CLANG_WARN_CONSTANT_CONVERSION = YES;
				CLANG_WARN_DEPRECATED_OBJC_IMPLEMENTATIONS = YES;
				CLANG_WARN_DIRECT_OBJC_ISA_USAGE = YES_ERROR;
				CLANG_WARN_DOCUMENTATION_COMMENTS = YES;
				CLANG_WARN_EMPTY_BODY = YES;
				CLANG_WARN_ENUM_CONVERSION = YES;
				CLANG_WARN_INFINITE_RECURSION = YES;
				CLANG_WARN_INT_CONVERSION = YES;
				CLANG_WARN_NON_LITERAL_NULL_CONVERSION = YES;
				CLANG_WARN_OBJC_IMPLICIT_RETAIN_SELF = YES;
				CLANG_WARN_OBJC_LITERAL_CONVERSION = YES;
				CLANG_WARN_OBJC_ROOT_CLASS = YES_ERROR;
				CLANG_WARN_RANGE_LOOP_ANALYSIS = YES;
				CLANG_WARN_STRICT_PROTOTYPES = YES;
				CLANG_WARN_SUSPICIOUS_MOVE = YES;
				CLANG_WARN_UNGUARDED_AVAILABILITY = YES_AGGRESSIVE;
				CLANG_WARN_UNREACHABLE_CODE = YES;
				CLANG_WARN__DUPLICATE_METHOD_MATCH = YES;
				COPY_PHASE_STRIP = NO;
				DEBUG_INFORMATION_FORMAT = dwarf;
				ENABLE_STRICT_OBJC_MSGSEND = YES;
				ENABLE_TESTABILITY = YES;
				GCC_C_LANGUAGE_STANDARD = gnu11;
				GCC_DYNAMIC_NO_PIC = NO;
				GCC_NO_COMMON_BLOCKS = YES;
				GCC_OPTIMIZATION_LEVEL = 0;
				GCC_PREPROCESSOR_DEFINITIONS = (
					"DEBUG=1",
					"$(inherited)",
				);
				GCC_WARN_64_TO_32_BIT_CONVERSION = YES;
				GCC_WARN_ABOUT_RETURN_TYPE = YES_ERROR;
				GCC_WARN_UNDECLARED_SELECTOR = YES;
				GCC_WARN_UNINITIALIZED_AUTOS = YES_AGGRESSIVE;
				GCC_WARN_UNUSED_FUNCTION = YES;
				GCC_WARN_UNUSED_VARIABLE = YES;
				IPHONEOS_DEPLOYMENT_TARGET = 13.2;
				MTL_ENABLE_DEBUG_INFO = INCLUDE_SOURCE;
				MTL_FAST_MATH = YES;
				ONLY_ACTIVE_ARCH = YES;
				SDKROOT = iphoneos;
				SWIFT_ACTIVE_COMPILATION_CONDITIONS = DEBUG;
				SWIFT_OPTIMIZATION_LEVEL = "-Onone";
			};
			name = Debug;
		};
		F072404D24594FD100937E8F /* Release */ = {
			isa = XCBuildConfiguration;
			buildSettings = {
				ALWAYS_SEARCH_USER_PATHS = NO;
				CLANG_ANALYZER_NONNULL = YES;
				CLANG_ANALYZER_NUMBER_OBJECT_CONVERSION = YES_AGGRESSIVE;
				CLANG_CXX_LANGUAGE_STANDARD = "gnu++14";
				CLANG_CXX_LIBRARY = "libc++";
				CLANG_ENABLE_MODULES = YES;
				CLANG_ENABLE_OBJC_ARC = YES;
				CLANG_ENABLE_OBJC_WEAK = YES;
				CLANG_WARN_BLOCK_CAPTURE_AUTORELEASING = YES;
				CLANG_WARN_BOOL_CONVERSION = YES;
				CLANG_WARN_COMMA = YES;
				CLANG_WARN_CONSTANT_CONVERSION = YES;
				CLANG_WARN_DEPRECATED_OBJC_IMPLEMENTATIONS = YES;
				CLANG_WARN_DIRECT_OBJC_ISA_USAGE = YES_ERROR;
				CLANG_WARN_DOCUMENTATION_COMMENTS = YES;
				CLANG_WARN_EMPTY_BODY = YES;
				CLANG_WARN_ENUM_CONVERSION = YES;
				CLANG_WARN_INFINITE_RECURSION = YES;
				CLANG_WARN_INT_CONVERSION = YES;
				CLANG_WARN_NON_LITERAL_NULL_CONVERSION = YES;
				CLANG_WARN_OBJC_IMPLICIT_RETAIN_SELF = YES;
				CLANG_WARN_OBJC_LITERAL_CONVERSION = YES;
				CLANG_WARN_OBJC_ROOT_CLASS = YES_ERROR;
				CLANG_WARN_RANGE_LOOP_ANALYSIS = YES;
				CLANG_WARN_STRICT_PROTOTYPES = YES;
				CLANG_WARN_SUSPICIOUS_MOVE = YES;
				CLANG_WARN_UNGUARDED_AVAILABILITY = YES_AGGRESSIVE;
				CLANG_WARN_UNREACHABLE_CODE = YES;
				CLANG_WARN__DUPLICATE_METHOD_MATCH = YES;
				COPY_PHASE_STRIP = NO;
				DEBUG_INFORMATION_FORMAT = "dwarf-with-dsym";
				ENABLE_NS_ASSERTIONS = NO;
				ENABLE_STRICT_OBJC_MSGSEND = YES;
				GCC_C_LANGUAGE_STANDARD = gnu11;
				GCC_NO_COMMON_BLOCKS = YES;
				GCC_WARN_64_TO_32_BIT_CONVERSION = YES;
				GCC_WARN_ABOUT_RETURN_TYPE = YES_ERROR;
				GCC_WARN_UNDECLARED_SELECTOR = YES;
				GCC_WARN_UNINITIALIZED_AUTOS = YES_AGGRESSIVE;
				GCC_WARN_UNUSED_FUNCTION = YES;
				GCC_WARN_UNUSED_VARIABLE = YES;
				IPHONEOS_DEPLOYMENT_TARGET = 13.2;
				MTL_ENABLE_DEBUG_INFO = NO;
				MTL_FAST_MATH = YES;
				SDKROOT = iphoneos;
				SWIFT_COMPILATION_MODE = wholemodule;
				SWIFT_OPTIMIZATION_LEVEL = "-O";
				VALIDATE_PRODUCT = YES;
			};
			name = Release;
		};
		F072404F24594FD100937E8F /* Debug */ = {
			isa = XCBuildConfiguration;
			baseConfigurationReference = 122E5FA29EA1E21A605D14F7 /* Pods-AuthApp.debug.xcconfig */;
			buildSettings = {
				ASSETCATALOG_COMPILER_APPICON_NAME = AppIcon;
				CODE_SIGN_STYLE = Automatic;
				DEVELOPMENT_TEAM = S6ZHA5R5FZ;
				INFOPLIST_FILE = AuthApp/Info.plist;
				LD_RUNPATH_SEARCH_PATHS = (
					"$(inherited)",
					"@executable_path/Frameworks",
				);
				PRODUCT_BUNDLE_IDENTIFIER = com.vismirn.AuthApp;
				PRODUCT_NAME = "$(TARGET_NAME)";
				SWIFT_VERSION = 5.0;
				TARGETED_DEVICE_FAMILY = "1,2";
			};
			name = Debug;
		};
		F072405024594FD100937E8F /* Release */ = {
			isa = XCBuildConfiguration;
			baseConfigurationReference = 2B28D2AF6EE1E1261F8CF16A /* Pods-AuthApp.release.xcconfig */;
			buildSettings = {
				ASSETCATALOG_COMPILER_APPICON_NAME = AppIcon;
				CODE_SIGN_STYLE = Automatic;
				DEVELOPMENT_TEAM = S6ZHA5R5FZ;
				INFOPLIST_FILE = AuthApp/Info.plist;
				LD_RUNPATH_SEARCH_PATHS = (
					"$(inherited)",
					"@executable_path/Frameworks",
				);
				PRODUCT_BUNDLE_IDENTIFIER = com.vismirn.AuthApp;
				PRODUCT_NAME = "$(TARGET_NAME)";
				SWIFT_VERSION = 5.0;
				TARGETED_DEVICE_FAMILY = "1,2";
			};
			name = Release;
		};
/* End XCBuildConfiguration section */

/* Begin XCConfigurationList section */
		F072403524594FCE00937E8F /* Build configuration list for PBXProject "AuthApp" */ = {
			isa = XCConfigurationList;
			buildConfigurations = (
				F072404C24594FD100937E8F /* Debug */,
				F072404D24594FD100937E8F /* Release */,
			);
			defaultConfigurationIsVisible = 0;
			defaultConfigurationName = Release;
		};
		F072404E24594FD100937E8F /* Build configuration list for PBXNativeTarget "AuthApp" */ = {
			isa = XCConfigurationList;
			buildConfigurations = (
				F072404F24594FD100937E8F /* Debug */,
				F072405024594FD100937E8F /* Release */,
			);
			defaultConfigurationIsVisible = 0;
			defaultConfigurationName = Release;
		};
/* End XCConfigurationList section */
	};
	rootObject = F072403224594FCE00937E8F /* Project object */;
}
